
Microsoft Visual Studio Solution File, Format Version 12.00
# Visual Studio 14
VisualStudioVersion = 14.0.25420.1
MinimumVisualStudioVersion = 10.0.40219.1
Project("{888888A0-9F3D-457C-B088-3A5042F75D52}") = "updated", "updated\updated.pyproj", "{3386D709-A4E4-4F4A-907C-C9B161E2EF7B}"
EndProject
Project("{888888A0-9F3D-457C-B088-3A5042F75D52}") = "updated2", "updated2\updated2.pyproj", "{7A505AFE-020B-45F6-9648-E09AFA5D4A6B}"
EndProject
Project("{888888A0-9F3D-457C-B088-3A5042F75D52}") = "PythonApplication14", "..\..\..\..\Downloads\Compressed\sec\encryption\PythonApplication14\PythonApplication14.pyproj", "{6C36D151-62FE-41BA-AEFA-5CC931E46863}"
EndProject
Global
	GlobalSection(SolutionConfigurationPlatforms) = preSolution
		Debug|Any CPU = Debug|Any CPU
		Release|Any CPU = Release|Any CPU
	EndGlobalSection
	GlobalSection(ProjectConfigurationPlatforms) = postSolution
		{3386D709-A4E4-4F4A-907C-C9B161E2EF7B}.Debug|Any CPU.ActiveCfg = Debug|Any CPU
		{3386D709-A4E4-4F4A-907C-C9B161E2EF7B}.Release|Any CPU.ActiveCfg = Release|Any CPU
		{7A505AFE-020B-45F6-9648-E09AFA5D4A6B}.Debug|Any CPU.ActiveCfg = Debug|Any CPU
		{7A505AFE-020B-45F6-9648-E09AFA5D4A6B}.Release|Any CPU.ActiveCfg = Release|Any CPU
		{6C36D151-62FE-41BA-AEFA-5CC931E46863}.Debug|Any CPU.ActiveCfg = Debug|Any CPU
		{6C36D151-62FE-41BA-AEFA-5CC931E46863}.Release|Any CPU.ActiveCfg = Release|Any CPU
	EndGlobalSection
	GlobalSection(SolutionProperties) = preSolution
		HideSolutionNode = FALSE
	EndGlobalSection
EndGlobal
